
Microsoft Visual Studio Solution File, Format Version 12.00
# Visual Studio 15
VisualStudioVersion = 15.0.25928.0
MinimumVisualStudioVersion = 10.0.40219.1
Project("{FAE04EC0-301F-11D3-BF4B-00C04F79EFBC}") = "WindowsShutdownTimer", "WindowsShutdownTimer\WindowsShutdownTimer.csproj", "{36903613-9854-4B7F-99AA-E0A6BE94E8E8}"
EndProject
Global
	GlobalSection(SolutionConfigurationPlatforms) = preSolution
		Debug|Any CPU = Debug|Any CPU
		Release|Any CPU = Release|Any CPU
	EndGlobalSection
	GlobalSection(ProjectConfigurationPlatforms) = postSolution
		{36903613-9854-4B7F-99AA-E0A6BE94E8E8}.Debug|Any CPU.ActiveCfg = Release|Any CPU
		{36903613-9854-4B7F-99AA-E0A6BE94E8E8}.Debug|Any CPU.Build.0 = Release|Any CPU
		{36903613-9854-4B7F-99AA-E0A6BE94E8E8}.Debug|Any CPU.Deploy.0 = Release|Any CPU
		{36903613-9854-4B7F-99AA-E0A6BE94E8E8}.Release|Any CPU.ActiveCfg = Debug|Any CPU
		{36903613-9854-4B7F-99AA-E0A6BE94E8E8}.Release|Any CPU.Build.0 = Debug|Any CPU
	EndGlobalSection
	GlobalSection(SolutionProperties) = preSolution
		HideSolutionNode = FALSE
	EndGlobalSection
EndGlobal
